# Generated by pub
# See https://dart.dev/tools/pub/glossary#lockfile
packages:
  args:
    dependency: transitive
    description:
      name: args
      sha256: d0481093c50b1da8910eb0bb301626d4d8eb7284aa739614d2b394ee09e3ea04
      url: "https://pub.dev"
    source: hosted
    version: "2.7.0"
  async:
    dependency: transitive
    description:
      name: async
      sha256: e2eb0491ba5ddb6177742d2da23904574082139b07c1e33b8503b9f46f3e1a37
      url: "https://pub.dev"
    source: hosted
    version: "2.13.1"
  bluez:
    dependency: transitive
    description:
      name: bluez
      sha256: "61a7204381925896a374301498f2f5399e59827c6498ae1e924aaa598751b545"
      url: "https://pub.dev"
    source: hosted
    version: "0.8.3"
  boolean_selector:
    dependency: transitive
    description:
      name: boolean_selector
      sha256: "8aab1771e1243a5063b8b0ff68042d67334e3feab9e95b9490f9a6ebf73b42ea"
      url: "https://pub.dev"
    source: hosted
    version: "2.1.2"
  characters:
    dependency: transitive
    description:
      name: characters
      sha256: faf38497bda5ead2a8c7615f4f7939df04333478bf32e4173fcb06d428b5716b
      url: "https://pub.dev"
    source: hosted
    version: "1.4.1"
  clock:
    dependency: transitive
    description:
      name: clock
      sha256: e51d50bca3217c9a9fa2b41a30e4a38971133f5f9ec7a3d57bae095007f1d28e
      url: "https://pub.dev"
    source: hosted
    version: "1.1.3"
  collection:
    dependency: transitive
    description:
      name: collection
      sha256: "2f5709ae4d3d59dd8f7cd309b4e023046b57d8a6c82130785d2b0e5868084e76"
      url: "https://pub.dev"
    source: hosted
    version: "1.19.1"
  dbus:
    dependency: transitive
    description:
      name: dbus
      sha256: a48d5da28e89bd02196e80d81ed8d7954923d00a0f4a68cc20b575038f023383
      url: "https://pub.dev"
    source: hosted
    version: "0.7.15"
  dio:
    dependency: "direct main"
    description:
      name: dio
      sha256: "852ec3b48cc431ac04fff978413c541502b67ffc3e26921e74e3d994694192c1"
      url: "https://pub.dev"
    source: hosted
    version: "5.11.1"
  dio_web_adapter:
    dependency: transitive
    description:
      name: dio_web_adapter
      sha256: "3a1b2cd7be71086f38504956e3ebcd2837288d231ff454bafa78021244102bfc"
      url: "https://pub.dev"
    source: hosted
    version: "2.2.2"
  fake_async:
    dependency: transitive
    description:
      name: fake_async
      sha256: "5368f224a74523e8d2e7399ea1638b37aecfca824a3cc4dfdf77bf1fa905ac44"
      url: "https://pub.dev"
    source: hosted
    version: "1.3.3"
  ffi:
    dependency: transitive
    description:
      name: ffi
      sha256: "6d7fd89431262d8f3125e81b50d3847a091d846eafcd4fdb88dd06f36d705a45"
      url: "https://pub.dev"
    source: hosted
    version: "2.2.0"
  flutter:
    dependency: "direct main"
    description: flutter
    source: sdk
    version: "0.0.0"
  flutter_blue_plus:
    dependency: "direct main"
    description:
      name: flutter_blue_plus
      sha256: "69a8c87c11fc792e8cf0f997d275484fbdb5143ac9f0ac4d424429700cb4e0ed"
      url: "https://pub.dev"
    source: hosted
    version: "1.36.8"
  flutter_blue_plus_android:
    dependency: transitive
    description:
      name: flutter_blue_plus_android
      sha256: "6f7fe7e69659c30af164a53730707edc16aa4d959e4c208f547b893d940f853d"
      url: "https://pub.dev"
    source: hosted
    version: "7.0.4"
  flutter_blue_plus_darwin:
    dependency: transitive
    description:
      name: flutter_blue_plus_darwin
      sha256: "682982862c1d964f4d54a3fb5fccc9e59a066422b93b7e22079aeecd9c0d38f8"
      url: "https://pub.dev"
    source: hosted
    version: "7.0.3"
  flutter_blue_plus_linux:
    dependency: transitive
    description:
      name: flutter_blue_plus_linux
      sha256: "56b0c45edd0a2eec8f85bd97a26ac3cd09447e10d0094fed55587bf0592e3347"
      url: "https://pub.dev"
    source: hosted
    version: "7.0.3"
  flutter_blue_plus_platform_interface:
    dependency: transitive
    description:
      name: flutter_blue_plus_platform_interface
      sha256: "84fbd180c50a40c92482f273a92069960805ce324e3673ad29c41d2faaa7c5c2"
      url: "https://pub.dev"
    source: hosted
    version: "7.0.0"
  flutter_blue_plus_web:
    dependency: transitive
    description:
      name: flutter_blue_plus_web
      sha256: a1aceee753d171d24c0e0cdadb37895b5e9124862721f25f60bb758e20b72c99
      url: "https://pub.dev"
    source: hosted
    version: "7.0.2"
  flutter_lints:
    dependency: "direct dev"
    description:
      name: flutter_lints
      sha256: "3f41d009ba7172d5ff9be5f6e6e6abb4300e263aab8866d2a0842ed2a70f8f0c"
      url: "https://pub.dev"
    source: hosted
    version: "4.0.0"
  flutter_test:
    dependency: "direct dev"
    description: flutter
    source: sdk
    version: "0.0.0"
  flutter_web_plugins:
    dependency: transitive
    description: flutter
    source: sdk
    version: "0.0.0"
  http_parser:
    dependency: transitive
    description:
      name: http_parser
      sha256: "178d74305e7866013777bab2c3d8726205dc5a4dd935297175b19a23a2e66571"
      url: "https://pub.dev"
    source: hosted
    version: "4.1.2"
  leak_tracker:
    dependency: transitive
    description:
      name: leak_tracker
      sha256: "33e2e26bdd85a0112ec15400c8cbffea70d0f9c3407491f672a2fad47915e2de"
      url: "https://pub.dev"
    source: hosted
    version: "11.0.2"
  leak_tracker_flutter_testing:
    dependency: transitive
    description:
      name: leak_tracker_flutter_testing
      sha256: "1dbc140bb5a23c75ea9c4811222756104fbcd1a27173f0c34ca01e16bea473c1"
      url: "https://pub.dev"
    source: hosted
    version: "3.0.10"
  leak_tracker_testing:
    dependency: transitive
    description:
      name: leak_tracker_testing
      sha256: "8d5a2d49f4a66b49744b23b018848400d23e54caf9463f4eb20df3eb8acb2eb1"
      url: "https://pub.dev"
    source: hosted
    version: "3.0.2"
  lints:
    dependency: transitive
    description:
      name: lints
      sha256: "976c774dd944a42e83e2467f4cc670daef7eed6295b10b36ae8c85bcbf828235"
      url: "https://pub.dev"
    source: hosted
    version: "4.0.0"
  matcher:
    dependency: transitive
    description:
      name: matcher
      sha256: "31bd099b47c10cd1aeb55146a2d46ce0277630ecef3f7dae54ad7873f36696cd"
      url: "https://pub.dev"
    source: hosted
    version: "0.12.20"
  material_color_utilities:
    dependency: transitive
    description:
      name: material_color_utilities
      sha256: "9c337007e82b1889149c82ed242ed1cb24a66044e30979c44912381e9be4c48b"
      url: "https://pub.dev"
    source: hosted
    version: "0.13.0"
  meta:
    dependency: transitive
    description:
      name: meta
      sha256: "307249ce4ff29d58a18e97f6345f539382eb9c9c29ecda628900f31de0443dd9"
      url: "https://pub.dev"
    source: hosted
    version: "1.19.0"
  mime:
    dependency: transitive
    description:
      name: mime
      sha256: bd47de35f07e27267e69c8c8b22edf9473bfee170a60d60fcc93730c5144b7f6
      url: "https://pub.dev"
    source: hosted
    version: "2.1.0"
  mocktail:
    dependency: "direct dev"
    description:
      name: mocktail
      sha256: "5e1bf53cc7baa8062a33b84424deb61513858ea05c601b8509e683815b5914aa"
      url: "https://pub.dev"
    source: hosted
    version: "1.0.5"
  nearby_connections:
    dependency: "direct main"
    description:
      name: nearby_connections
      sha256: "94d500bdb11f9a3db3b1cb2949ab438107e581f0142380efc17ecc8038e99369"
      url: "https://pub.dev"
    source: hosted
    version: "4.3.0"
  path:
    dependency: transitive
    description:
      name: path
      sha256: "75cca69d1490965be98c73ceaea117e8a04dd21217b37b292c9ddbec0d955bc5"
      url: "https://pub.dev"
    source: hosted
    version: "1.9.1"
  permission_handler:
    dependency: "direct main"
    description:
      name: permission_handler
      sha256: e6bcecadfe40df6b888141f23cbaf6ba6c3da49fb33f6ff887d060dd48544fbd
      url: "https://pub.dev"
    source: hosted
    version: "13.0.2"
  permission_handler_android:
    dependency: transitive
    description:
      name: permission_handler_android
      sha256: b1ce660f4d0dcaffdf2605a19544c129fb5adda4e6fd039992ae356c4e437039
      url: "https://pub.dev"
    source: hosted
    version: "14.1.0"
  permission_handler_apple:
    dependency: transitive
    description:
      name: permission_handler_apple
      sha256: f49cb15a064ea9d974fc7fbb302099353b7b170d07284e86e264561579e5bcf8
      url: "https://pub.dev"
    source: hosted
    version: "9.6.1"
  permission_handler_html:
    dependency: transitive
    description:
      name: permission_handler_html
      sha256: "6ea98b3f17f60d3b527f2647ed2ab4dc0f6bfe25b22cb1c363f5d8f62252f6ac"
      url: "https://pub.dev"
    source: hosted
    version: "0.1.4+1"
  permission_handler_platform_interface:
    dependency: transitive
    description:
      name: permission_handler_platform_interface
      sha256: ed86a61c190258fdd65de395ea0632822e3415c1faec38eae0c31b479c28a531
      url: "https://pub.dev"
    source: hosted
    version: "4.4.1"
  permission_handler_windows:
    dependency: transitive
    description:
      name: permission_handler_windows
      sha256: caeae01858a0a7d2df67a445ac98e1ad95e55a0e77c73044f4e9b1c8c2289cbd
      url: "https://pub.dev"
    source: hosted
    version: "0.2.2"
  petitparser:
    dependency: transitive
    description:
      name: petitparser
      sha256: "91bd59303e9f769f108f8df05e371341b15d59e995e6806aefab827b58336675"
      url: "https://pub.dev"
    source: hosted
    version: "7.0.2"
  platform:
    dependency: transitive
    description:
      name: platform
      sha256: a36d119c13416516a7b5913fbe8af8531e11633d784c550b2125f76c758524ec
      url: "https://pub.dev"
    source: hosted
    version: "3.2.0"
  plugin_platform_interface:
    dependency: transitive
    description:
      name: plugin_platform_interface
      sha256: "4820fbfdb9478b1ebae27888254d445073732dae3d6ea81f0b7e06d5dedc3f02"
      url: "https://pub.dev"
    source: hosted
    version: "2.1.8"
  rxdart:
    dependency: transitive
    description:
      name: rxdart
      sha256: "5c3004a4a8dbb94bd4bf5412a4def4acdaa12e12f269737a5751369e12d1a962"
      url: "https://pub.dev"
    source: hosted
    version: "0.28.0"
  sky_engine:
    dependency: transitive
    description: flutter
    source: sdk
    version: "0.0.0"
  source_span:
    dependency: transitive
    description:
      name: source_span
      sha256: "56a02f1f4cd1a2d96303c0144c93bd6d909eea6bee6bf5a0e0b685edbd4c47ab"
      url: "https://pub.dev"
    source: hosted
    version: "1.10.2"
  sqflite:
    dependency: "direct main"
    description:
      name: sqflite
      sha256: "54ad23e2a79c846b596b6c56cdd9c867ea58c288258402316b602f78df0cbfe0"
      url: "https://pub.dev"
    source: hosted
    version: "2.4.4"
  sqflite_android:
    dependency: transitive
    description:
      name: sqflite_android
      sha256: "805b27c6fa10d8883253795e644818fbd5c87ce665459db84fbe71326cbb5421"
      url: "https://pub.dev"
    source: hosted
    version: "2.4.4"
  sqflite_common:
    dependency: transitive
    description:
      name: sqflite_common
      sha256: "077e38e82c099534146a2fb31b608c2a3a4489a0f21d9af6b2f5c87b566a1ea0"
      url: "https://pub.dev"
    source: hosted
    version: "2.5.13"
  sqflite_darwin:
    dependency: transitive
    description:
      name: sqflite_darwin
      sha256: dbdda396f975f74d611ffd3e6fb280ee3ee4cd2319b89278533f427e0140cf0b
      url: "https://pub.dev"
    source: hosted
    version: "2.4.4"
  sqflite_platform_interface:
    dependency: transitive
    description:
      name: sqflite_platform_interface
      sha256: c9177b2f3150ed0647b90a94307c28452fe0a5401863044216aed83addd6c7c5
      url: "https://pub.dev"
    source: hosted
    version: "2.4.2"
  stack_trace:
    dependency: transitive
    description:
      name: stack_trace
      sha256: "277654b3034d17ac6f9f1cb5595db011b1d5d41e8806866db28e0abaa101c490"
      url: "https://pub.dev"
    source: hosted
    version: "1.12.2"
  stream_channel:
    dependency: transitive
    description:
      name: stream_channel
      sha256: "969e04c80b8bcdf826f8f16579c7b14d780458bd97f56d107d3950fdbeef059d"
      url: "https://pub.dev"
    source: hosted
    version: "2.1.4"
  string_scanner:
    dependency: transitive
    description:
      name: string_scanner
      sha256: "921cd31725b72fe181906c6a94d987c78e3b98c2e205b397ea399d4054872b43"
      url: "https://pub.dev"
    source: hosted
    version: "1.4.1"
  synchronized:
    dependency: transitive
    description:
      name: synchronized
      sha256: "397b146f97613b83d84bdccb439bc8d0f3aebb6c1d14a9641e6f24201c490b2d"
      url: "https://pub.dev"
    source: hosted
    version: "3.4.2"
  term_glyph:
    dependency: transitive
    description:
      name: term_glyph
      sha256: "7f554798625ea768a7518313e58f83891c7f5024f88e46e7182a4558850a4b8e"
      url: "https://pub.dev"
    source: hosted
    version: "1.2.2"
  test_api:
    dependency: transitive
    description:
      name: test_api
      sha256: "2a122cbe059f8b610d3a5415f42e255b6c17b1f21eee1d960f31080237fb4f11"
      url: "https://pub.dev"
    source: hosted
    version: "0.7.12"
  typed_data:
    dependency: transitive
    description:
      name: typed_data
      sha256: f9049c039ebfeb4cf7a7104a675823cd72dba8297f264b6637062516699fa006
      url: "https://pub.dev"
    source: hosted
    version: "1.4.0"
  vector_math:
    dependency: transitive
    description:
      name: vector_math
      sha256: "92b9910f66ed1057fd4da7b040ae7c74cafacf885bdc81be496928d5049b032d"
      url: "https://pub.dev"
    source: hosted
    version: "2.4.3"
  vm_service:
    dependency: transitive
    description:
      name: vm_service
      sha256: "5f37239c4851efcef929cea7824e76df7f2f0970aef85d66bbc430afa40e72f0"
      url: "https://pub.dev"
    source: hosted
    version: "15.3.0"
  web:
    dependency: transitive
    description:
      name: web
      sha256: "868d88a33d8a87b18ffc05f9f030ba328ffefba92d6c127917a2ba740f9cfe4a"
      url: "https://pub.dev"
    source: hosted
    version: "1.1.1"
  workmanager:
    dependency: "direct main"
    description:
      name: workmanager
      sha256: "96b09a4a852ec487d29371f27031dab80ce2e260911e2dbe0f904951e22a3956"
      url: "https://pub.dev"
    source: hosted
    version: "0.10.10"
  workmanager_android:
    dependency: transitive
    description:
      name: workmanager_android
      sha256: ffe8aa061885370c9363f7ae2d2196d31855217c58e7b15899d915d36c768c4a
      url: "https://pub.dev"
    source: hosted
    version: "0.10.9"
  workmanager_apple:
    dependency: transitive
    description:
      name: workmanager_apple
      sha256: "9e0ca0b857df986b37ca964ffa3b21990e1bc0f7935356a9706b47e5b71a7524"
      url: "https://pub.dev"
    source: hosted
    version: "0.9.11"
  workmanager_linux:
    dependency: transitive
    description:
      name: workmanager_linux
      sha256: "7d8520e1103b910a43d8bafe37ec2415f4c7c148afcb1eee0ec73ae67b4cdd22"
      url: "https://pub.dev"
    source: hosted
    version: "0.1.1+1"
  workmanager_platform_interface:
    dependency: transitive
    description:
      name: workmanager_platform_interface
      sha256: a1022dca1284d64ba8bbe046edc9089cc5158b3d0e2cf9f68c7cde2fbf89746c
      url: "https://pub.dev"
    source: hosted
    version: "0.10.5"
  workmanager_web:
    dependency: transitive
    description:
      name: workmanager_web
      sha256: "2ac481ade599bdd957ee2891be09a0c34be87923a2c3ca4dfe36add6fc735ffd"
      url: "https://pub.dev"
    source: hosted
    version: "0.2.0"
  xml:
    dependency: transitive
    description:
      name: xml
      sha256: "67f0aff7be013d107995e9b75bf4e7f2c3ef2dfdb2c8e68024bba0a7fd5756a4"
      url: "https://pub.dev"
    source: hosted
    version: "7.0.1"
  yaml:
    dependency: transitive
    description:
      name: yaml
      sha256: f67cdd8e07d3c6329146aaef1ba043542b3134c12489f553ca9a7435d1068aea
      url: "https://pub.dev"
    source: hosted
    version: "3.1.4"
sdks:
  dart: ">=3.12.0 <4.0.0"
  flutter: ">=3.44.0"
